PODS:
  - AFNetworking (2.2.2):
    - AFNetworking/NSURLConnection
    - AFNetworking/NSURLSession
    - AFNetworking/Reachability
    - AFNetworking/Security
    - AFNetworking/Serialization
    - AFNetworking/UIKit
  - AFNetworking/NSURLConnection (2.2.2):
    - AFNetworking/Reachability
    - AFNetworking/Security
    - AFNetworking/Serialization
  - AFNetworking/NSURLSession (2.2.2):
    - AFNetworking/NSURLConnection
  - AFNetworking/Reachability (2.2.2)
  - AFNetworking/Security (2.2.2)
  - AFNetworking/Serialization (2.2.2)
  - AFNetworking/UIKit (2.2.2):
    - AFNetworking/NSURLConnection
    - AFNetworking/NSURLSession
  - Facebook-iOS-SDK (3.13.1)
  - FontAwesomeKit (2.1.5):
    - FontAwesomeKit/Core
    - FontAwesomeKit/FontAwesome
    - FontAwesomeKit/FoundationIcons
    - FontAwesomeKit/IonIcons
    - FontAwesomeKit/Zocial
  - FontAwesomeKit/Core (2.1.5)
  - FontAwesomeKit/FontAwesome (2.1.5):
    - FontAwesomeKit/Core
  - FontAwesomeKit/FoundationIcons (2.1.5):
    - FontAwesomeKit/Core
  - FontAwesomeKit/IonIcons (2.1.5):
    - FontAwesomeKit/Core
  - FontAwesomeKit/Zocial (2.1.5):
    - FontAwesomeKit/Core
  - GCPlaceholderTextView (1.0.1)
  - MBProgressHUD (0.8)
  - NSData+Base64 (1.0.0)
  - Parse-iOS-SDK (1.2.19):
    - Facebook-iOS-SDK (~> 3.7)

DEPENDENCIES:
  - AFNetworking (~> 2.0)
  - FontAwesomeKit (~> 2.1.5)
  - GCPlaceholderTextView (~> 1.0)
  - MBProgressHUD (~> 0.8)
  - NSData+Base64 (~> 1.0.0)
  - Parse-iOS-SDK (~> 1.2)

SPEC CHECKSUMS:
  AFNetworking: dd8c1868e57451e3d17ebd3516f2a8c16f9646fe
  Facebook-iOS-SDK: 0d121e16437981fabff9379e07bf646bd5ab245c
  FontAwesomeKit: 7d935e100337d503bdaefde2ea16be740b81ed13
  GCPlaceholderTextView: 8f0e4cb4b93827c9ec8d9bf9e850bbd328d1db0b
  MBProgressHUD: 2bbc6f470111daf7f3eaa4eb12b8cbf01c4c0622
  NSData+Base64: bd5dacbc799c0339bd6a961a9ea80dd6eba11b33
  Parse-iOS-SDK: 48e366fb9a8956c4e50d93cfd16243176938fae1

COCOAPODS: 0.32.1
